
Microsoft Visual Studio Solution File, Format Version 12.00
# Visual Studio Version 16
VisualStudioVersion = 16.0.30413.136
MinimumVisualStudioVersion = 10.0.40219.1
Project("{9A19103F-16F7-4668-BE54-9A1E7A4F7556}") = "MiniProject.BusinessLogic", "MiniTest\MiniProject.BusinessLogic.csproj", "{1FA9ABE8-484E-4DF8-91AB-14F80FE00107}"
EndProject
Project("{9A19103F-16F7-4668-BE54-9A1E7A4F7556}") = "MiniProject.API", "MiniProject.API\MiniProject.API.csproj", "{F2A6D840-0E58-46DA-97F9-13930F98B601}"
EndProject
Project("{FAE04EC0-301F-11D3-BF4B-00C04F79EFBC}") = "Web", "Web\Web.csproj", "{3F14F44F-720B-4A88-90ED-4218633693E6}"
EndProject
Global
	GlobalSection(SolutionConfigurationPlatforms) = preSolution
		Debug|Any CPU = Debug|Any CPU
		Release|Any CPU = Release|Any CPU
	EndGlobalSection
	GlobalSection(ProjectConfigurationPlatforms) = postSolution
		{1FA9ABE8-484E-4DF8-91AB-14F80FE00107}.Debug|Any CPU.ActiveCfg = Debug|Any CPU
		{1FA9ABE8-484E-4DF8-91AB-14F80FE00107}.Debug|Any CPU.Build.0 = Debug|Any CPU
		{1FA9ABE8-484E-4DF8-91AB-14F80FE00107}.Release|Any CPU.ActiveCfg = Release|Any CPU
		{1FA9ABE8-484E-4DF8-91AB-14F80FE00107}.Release|Any CPU.Build.0 = Release|Any CPU
		{F2A6D840-0E58-46DA-97F9-13930F98B601}.Debug|Any CPU.ActiveCfg = Debug|Any CPU
		{F2A6D840-0E58-46DA-97F9-13930F98B601}.Debug|Any CPU.Build.0 = Debug|Any CPU
		{F2A6D840-0E58-46DA-97F9-13930F98B601}.Release|Any CPU.ActiveCfg = Release|Any CPU
		{F2A6D840-0E58-46DA-97F9-13930F98B601}.Release|Any CPU.Build.0 = Release|Any CPU
		{3F14F44F-720B-4A88-90ED-4218633693E6}.Debug|Any CPU.ActiveCfg = Debug|Any CPU
		{3F14F44F-720B-4A88-90ED-4218633693E6}.Debug|Any CPU.Build.0 = Debug|Any CPU
		{3F14F44F-720B-4A88-90ED-4218633693E6}.Release|Any CPU.ActiveCfg = Release|Any CPU
		{3F14F44F-720B-4A88-90ED-4218633693E6}.Release|Any CPU.Build.0 = Release|Any CPU
	EndGlobalSection
	GlobalSection(SolutionProperties) = preSolution
		HideSolutionNode = FALSE
	EndGlobalSection
	GlobalSection(ExtensibilityGlobals) = postSolution
		SolutionGuid = {40F9ED75-E69D-4A9F-8998-1E04E11B4CD8}
	EndGlobalSection
EndGlobal
